
Microsoft Visual Studio Solution File, Format Version 12.00
# Visual Studio Version 16
VisualStudioVersion = 16.0.32002.261
MinimumVisualStudioVersion = 10.0.40219.1
Project("{FAE04EC0-301F-11D3-BF4B-00C04F79EFBC}") = "NimmalaAssign3", "NimmalaAssign3\NimmalaAssign3.csproj", "{372DBDC2-8250-4B3F-AD3A-33C570167E28}"
EndProject
Global
	GlobalSection(SolutionConfigurationPlatforms) = preSolution
		Debug|Any CPU = Debug|Any CPU
		Release|Any CPU = Release|Any CPU
	EndGlobalSection
	GlobalSection(ProjectConfigurationPlatforms) = postSolution
		{372DBDC2-8250-4B3F-AD3A-33C570167E28}.Debug|Any CPU.ActiveCfg = Debug|Any CPU
		{372DBDC2-8250-4B3F-AD3A-33C570167E28}.Debug|Any CPU.Build.0 = Debug|Any CPU
		{372DBDC2-8250-4B3F-AD3A-33C570167E28}.Release|Any CPU.ActiveCfg = Release|Any CPU
		{372DBDC2-8250-4B3F-AD3A-33C570167E28}.Release|Any CPU.Build.0 = Release|Any CPU
	EndGlobalSection
	GlobalSection(SolutionProperties) = preSolution
		HideSolutionNode = FALSE
	EndGlobalSection
	GlobalSection(ExtensibilityGlobals) = postSolution
		SolutionGuid = {49F0A4D4-B3BB-4CC1-96D2-E6ECF8A6B25B}
	EndGlobalSection
EndGlobal
